
Microsoft Visual Studio Solution File, Format Version 12.00
# Visual Studio Version 16
VisualStudioVersion = 16.0.30711.63
MinimumVisualStudioVersion = 10.0.40219.1
Project("{FAE04EC0-301F-11D3-BF4B-00C04F79EFBC}") = "ThreadApp", "ThreadApp.csproj", "{BEBD2936-5EB9-4DBC-B42E-7F8060563348}"
EndProject
Global
	GlobalSection(SolutionConfigurationPlatforms) = preSolution
		Debug|Any CPU = Debug|Any CPU
		Release|Any CPU = Release|Any CPU
	EndGlobalSection
	GlobalSection(ProjectConfigurationPlatforms) = postSolution
		{BEBD2936-5EB9-4DBC-B42E-7F8060563348}.Debug|Any CPU.ActiveCfg = Debug|Any CPU
		{BEBD2936-5EB9-4DBC-B42E-7F8060563348}.Debug|Any CPU.Build.0 = Debug|Any CPU
		{BEBD2936-5EB9-4DBC-B42E-7F8060563348}.Release|Any CPU.ActiveCfg = Release|Any CPU
		{BEBD2936-5EB9-4DBC-B42E-7F8060563348}.Release|Any CPU.Build.0 = Release|Any CPU
	EndGlobalSection
	GlobalSection(SolutionProperties) = preSolution
		HideSolutionNode = FALSE
	EndGlobalSection
	GlobalSection(ExtensibilityGlobals) = postSolution
		SolutionGuid = {16992983-BF40-4430-A2E5-2CAE66E9DB36}
	EndGlobalSection
EndGlobal
